
Microsoft Visual Studio Solution File, Format Version 12.00
# Visual Studio Version 17
VisualStudioVersion = 17.8.34511.84
MinimumVisualStudioVersion = 10.0.40219.1
Project("{FAE04EC0-301F-11D3-BF4B-00C04F79EFBC}") = "GrpcServer", "GrpcServer\GrpcServer.csproj", "{94EFD555-3DA9-4F79-917F-34082DC5C1B5}"
EndProject
Project("{FAE04EC0-301F-11D3-BF4B-00C04F79EFBC}") = "GrpcClient", "GrpcClient\GrpcClient.csproj", "{5A85DA11-1C7D-4D17-ABA7-491552DFA165}"
EndProject
Global
	GlobalSection(SolutionConfigurationPlatforms) = preSolution
		Debug|Any CPU = Debug|Any CPU
		Release|Any CPU = Release|Any CPU
	EndGlobalSection
	GlobalSection(ProjectConfigurationPlatforms) = postSolution
		{94EFD555-3DA9-4F79-917F-34082DC5C1B5}.Debug|Any CPU.ActiveCfg = Debug|Any CPU
		{94EFD555-3DA9-4F79-917F-34082DC5C1B5}.Debug|Any CPU.Build.0 = Debug|Any CPU
		{94EFD555-3DA9-4F79-917F-34082DC5C1B5}.Release|Any CPU.ActiveCfg = Release|Any CPU
		{94EFD555-3DA9-4F79-917F-34082DC5C1B5}.Release|Any CPU.Build.0 = Release|Any CPU
		{5A85DA11-1C7D-4D17-ABA7-491552DFA165}.Debug|Any CPU.ActiveCfg = Debug|Any CPU
		{5A85DA11-1C7D-4D17-ABA7-491552DFA165}.Debug|Any CPU.Build.0 = Debug|Any CPU
		{5A85DA11-1C7D-4D17-ABA7-491552DFA165}.Release|Any CPU.ActiveCfg = Release|Any CPU
		{5A85DA11-1C7D-4D17-ABA7-491552DFA165}.Release|Any CPU.Build.0 = Release|Any CPU
	EndGlobalSection
	GlobalSection(SolutionProperties) = preSolution
		HideSolutionNode = FALSE
	EndGlobalSection
	GlobalSection(ExtensibilityGlobals) = postSolution
		SolutionGuid = {413EBB24-9D85-46CA-B0C0-476227095A4D}
	EndGlobalSection
EndGlobal
