
Microsoft Visual Studio Solution File, Format Version 12.00
# Visual Studio Version 17
VisualStudioVersion = 17.7.34031.279
MinimumVisualStudioVersion = 10.0.40219.1
Project("{FAE04EC0-301F-11D3-BF4B-00C04F79EFBC}") = "JsonLearning", "JsonLearning\JsonLearning.csproj", "{C11E2259-3AC9-4DA7-999E-39445D36BF11}"
EndProject
Global
	GlobalSection(SolutionConfigurationPlatforms) = preSolution
		Debug|Any CPU = Debug|Any CPU
		Release|Any CPU = Release|Any CPU
	EndGlobalSection
	GlobalSection(ProjectConfigurationPlatforms) = postSolution
		{C11E2259-3AC9-4DA7-999E-39445D36BF11}.Debug|Any CPU.ActiveCfg = Debug|Any CPU
		{C11E2259-3AC9-4DA7-999E-39445D36BF11}.Debug|Any CPU.Build.0 = Debug|Any CPU
		{C11E2259-3AC9-4DA7-999E-39445D36BF11}.Release|Any CPU.ActiveCfg = Release|Any CPU
		{C11E2259-3AC9-4DA7-999E-39445D36BF11}.Release|Any CPU.Build.0 = Release|Any CPU
	EndGlobalSection
	GlobalSection(SolutionProperties) = preSolution
		HideSolutionNode = FALSE
	EndGlobalSection
	GlobalSection(ExtensibilityGlobals) = postSolution
		SolutionGuid = {B3BD8302-1050-45E8-8651-3A957375211B}
	EndGlobalSection
EndGlobal
