
Microsoft Visual Studio Solution File, Format Version 12.00
# Visual Studio Version 17
VisualStudioVersion = 17.8.34511.84
MinimumVisualStudioVersion = 10.0.40219.1
Project("{FAE04EC0-301F-11D3-BF4B-00C04F79EFBC}") = "JPWebApplication", "JPWebApplication\JPWebApplication.csproj", "{06769FAC-D033-40B8-A394-F04B13529997}"
EndProject
Project("{FAE04EC0-301F-11D3-BF4B-00C04F79EFBC}") = "WebApplication2", "WebApplication2\WebApplication2.csproj", "{F3DA35DD-F1A0-4AA4-8FD6-C5F439E006CF}"
EndProject
Global
	GlobalSection(SolutionConfigurationPlatforms) = preSolution
		Debug|Any CPU = Debug|Any CPU
		Release|Any CPU = Release|Any CPU
	EndGlobalSection
	GlobalSection(ProjectConfigurationPlatforms) = postSolution
		{06769FAC-D033-40B8-A394-F04B13529997}.Debug|Any CPU.ActiveCfg = Debug|Any CPU
		{06769FAC-D033-40B8-A394-F04B13529997}.Debug|Any CPU.Build.0 = Debug|Any CPU
		{06769FAC-D033-40B8-A394-F04B13529997}.Release|Any CPU.ActiveCfg = Release|Any CPU
		{06769FAC-D033-40B8-A394-F04B13529997}.Release|Any CPU.Build.0 = Release|Any CPU
		{F3DA35DD-F1A0-4AA4-8FD6-C5F439E006CF}.Debug|Any CPU.ActiveCfg = Debug|Any CPU
		{F3DA35DD-F1A0-4AA4-8FD6-C5F439E006CF}.Debug|Any CPU.Build.0 = Debug|Any CPU
		{F3DA35DD-F1A0-4AA4-8FD6-C5F439E006CF}.Release|Any CPU.ActiveCfg = Release|Any CPU
		{F3DA35DD-F1A0-4AA4-8FD6-C5F439E006CF}.Release|Any CPU.Build.0 = Release|Any CPU
	EndGlobalSection
	GlobalSection(SolutionProperties) = preSolution
		HideSolutionNode = FALSE
	EndGlobalSection
	GlobalSection(ExtensibilityGlobals) = postSolution
		SolutionGuid = {11284908-4BB5-479C-A307-922444E4755F}
	EndGlobalSection
EndGlobal
